
Microsoft Visual Studio Solution File, Format Version 12.00
# Visual Studio Version 18
VisualStudioVersion = 18.3.11206.111
MinimumVisualStudioVersion = 10.0.40219.1
Project("{2150E333-8FDC-42A3-9474-1A3956D46DE8}") = "src", "src", "{EAA9228C-55F9-48BD-B62C-7F3A84BF6A8B}"
EndProject
Project("{FAE04EC0-301F-11D3-BF4B-00C04F79EFBC}") = "MyFramework.Domain", "src\MyFramework.Domain\MyFramework.Domain.csproj", "{59D101FC-6001-C383-E937-CBDAE777F291}"
EndProject
Project("{FAE04EC0-301F-11D3-BF4B-00C04F79EFBC}") = "MyFramework.Application", "src\MyFramework.Application\MyFramework.Application.csproj", "{6AE1EFA2-B06D-C0AE-98D0-3383E61BCE3E}"
EndProject
Project("{FAE04EC0-301F-11D3-BF4B-00C04F79EFBC}") = "MyFramework.Infrastructure", "src\MyFramework.Infrastructure\MyFramework.Infrastructure.csproj", "{E5DACCD2-79B5-D52E-AE78-2D00E680B501}"
EndProject
Project("{FAE04EC0-301F-11D3-BF4B-00C04F79EFBC}") = "MyFramework.Web", "src\MyFramework.Web\MyFramework.Web.csproj", "{73CF1484-1351-191D-9723-8D28022222F4}"
EndProject
Global
	GlobalSection(SolutionConfigurationPlatforms) = preSolution
		Debug|Any CPU = Debug|Any CPU
		Release|Any CPU = Release|Any CPU
	EndGlobalSection
	GlobalSection(ProjectConfigurationPlatforms) = postSolution
		{59D101FC-6001-C383-E937-CBDAE777F291}.Debug|Any CPU.ActiveCfg = Debug|Any CPU
		{59D101FC-6001-C383-E937-CBDAE777F291}.Debug|Any CPU.Build.0 = Debug|Any CPU
		{59D101FC-6001-C383-E937-CBDAE777F291}.Release|Any CPU.ActiveCfg = Release|Any CPU
		{59D101FC-6001-C383-E937-CBDAE777F291}.Release|Any CPU.Build.0 = Release|Any CPU
		{6AE1EFA2-B06D-C0AE-98D0-3383E61BCE3E}.Debug|Any CPU.ActiveCfg = Debug|Any CPU
		{6AE1EFA2-B06D-C0AE-98D0-3383E61BCE3E}.Debug|Any CPU.Build.0 = Debug|Any CPU
		{6AE1EFA2-B06D-C0AE-98D0-3383E61BCE3E}.Release|Any CPU.ActiveCfg = Release|Any CPU
		{6AE1EFA2-B06D-C0AE-98D0-3383E61BCE3E}.Release|Any CPU.Build.0 = Release|Any CPU
		{E5DACCD2-79B5-D52E-AE78-2D00E680B501}.Debug|Any CPU.ActiveCfg = Debug|Any CPU
		{E5DACCD2-79B5-D52E-AE78-2D00E680B501}.Debug|Any CPU.Build.0 = Debug|Any CPU
		{E5DACCD2-79B5-D52E-AE78-2D00E680B501}.Release|Any CPU.ActiveCfg = Release|Any CPU
		{E5DACCD2-79B5-D52E-AE78-2D00E680B501}.Release|Any CPU.Build.0 = Release|Any CPU
		{73CF1484-1351-191D-9723-8D28022222F4}.Debug|Any CPU.ActiveCfg = Debug|Any CPU
		{73CF1484-1351-191D-9723-8D28022222F4}.Debug|Any CPU.Build.0 = Debug|Any CPU
		{73CF1484-1351-191D-9723-8D28022222F4}.Release|Any CPU.ActiveCfg = Release|Any CPU
		{73CF1484-1351-191D-9723-8D28022222F4}.Release|Any CPU.Build.0 = Release|Any CPU
	EndGlobalSection
	GlobalSection(SolutionProperties) = preSolution
		HideSolutionNode = FALSE
	EndGlobalSection
	GlobalSection(NestedProjects) = preSolution
		{59D101FC-6001-C383-E937-CBDAE777F291} = {EAA9228C-55F9-48BD-B62C-7F3A84BF6A8B}
		{6AE1EFA2-B06D-C0AE-98D0-3383E61BCE3E} = {EAA9228C-55F9-48BD-B62C-7F3A84BF6A8B}
		{E5DACCD2-79B5-D52E-AE78-2D00E680B501} = {EAA9228C-55F9-48BD-B62C-7F3A84BF6A8B}
		{73CF1484-1351-191D-9723-8D28022222F4} = {EAA9228C-55F9-48BD-B62C-7F3A84BF6A8B}
	EndGlobalSection
	GlobalSection(ExtensibilityGlobals) = postSolution
		SolutionGuid = {32921627-D28F-4C74-8B0E-80D2E55A7659}
	EndGlobalSection
EndGlobal
